version = 1
revision = 3
requires-python = ">=3.14"

[[package]]
name = "env-factory"
version = "0.1.0"
source = { editable = "." }
dependencies = [
    { name = "neo4j" },
]

[package.metadata]
requires-dist = [{ name = "neo4j", specifier = ">=6.0.0" }]

[[package]]
name = "neo4j"
version = "6.3.0"
source = { registry = "https://pypi.org/simple" }
dependencies = [
    { name = "pytz" },
]
sdist = { url = "https://files.pythonhosted.org/packages/9d/57/f939c3b9b28e5851095eafb823b5a996eea3f21a14be513bcf9b355f97da/neo4j-6.3.0.tar.gz", hash = "sha256:d0d3986c37ad174a549a39dfec6d22a00a061ebcb0267f1a5caf856589838e73", size = 242487, upload-time = "2026-08-28T10:25:04.743Z" }
wheels = [
    { url = "https://files.pythonhosted.org/packages/47/47/d29d93455fe2959e5b8383e52f68b3633d729f39e87fef94743f9f2240ae/neo4j-6.3.0-py3-none-any.whl", hash = "sha256:d243f9c8adf882ae7205a76eb2419b0a632d5f3c89383d4a0044d737a2223991", size = 331471, upload-time = "2026-08-28T10:25:03.263Z" },
]

[[package]]
name = "pytz"
version = "2026.3.post1"
source = { registry = "https://pypi.org/simple" }
sdist = { url = "https://files.pythonhosted.org/packages/fb/48/fb042503b6ca6cd271261dc559fd6432f7d8c713153e9ec5c591af4dfc1c/pytz-2026.3.post1.tar.gz", hash = "sha256:2211d3fcf9a797d3405cac96ac7f61d80e6a644f72a3309607282fe8a2010c5d", size = 319745, upload-time = "2026-07-25T15:12:07.385Z" }
wheels = [
    { url = "https://files.pythonhosted.org/packages/0f/7b/39c34ca613b0b198cb866466651b26b045e2009864c5183c979a3b83f383/pytz-2026.3.post1-py2.py3-none-any.whl", hash = "sha256:dd95840dd199baea12d9cc096a1d452caa6596a1c1e4b5f3dbd1541855d5e815", size = 508283, upload-time = "2026-07-25T15:12:05.782Z" },
]
